
Microsoft Visual Studio Solution File, Format Version 12.00
# Visual Studio Version 17
VisualStudioVersion = 17.11.35208.52
MinimumVisualStudioVersion = 10.0.40219.1
Project("{FAE04EC0-301F-11D3-BF4B-00C04F79EFBC}") = "BaiTapNhom", "BaiTapNhom.csproj", "{42A3E439-CA0A-49F5-B3E4-72DC46BE5FE1}"
EndProject
Global
	GlobalSection(SolutionConfigurationPlatforms) = preSolution
		Debug|Any CPU = Debug|Any CPU
		Release|Any CPU = Release|Any CPU
	EndGlobalSection
	GlobalSection(ProjectConfigurationPlatforms) = postSolution
		{42A3E439-CA0A-49F5-B3E4-72DC46BE5FE1}.Debug|Any CPU.ActiveCfg = Debug|Any CPU
		{42A3E439-CA0A-49F5-B3E4-72DC46BE5FE1}.Debug|Any CPU.Build.0 = Debug|Any CPU
		{42A3E439-CA0A-49F5-B3E4-72DC46BE5FE1}.Release|Any CPU.ActiveCfg = Release|Any CPU
		{42A3E439-CA0A-49F5-B3E4-72DC46BE5FE1}.Release|Any CPU.Build.0 = Release|Any CPU
	EndGlobalSection
	GlobalSection(SolutionProperties) = preSolution
		HideSolutionNode = FALSE
	EndGlobalSection
	GlobalSection(ExtensibilityGlobals) = postSolution
		SolutionGuid = {245EB080-ED5D-4FFA-8D97-EB97B85586B4}
	EndGlobalSection
EndGlobal
